
Microsoft Visual Studio Solution File, Format Version 12.00
# Visual Studio Version 17
VisualStudioVersion = 17.8.34511.84
MinimumVisualStudioVersion = 10.0.40219.1
Project("{FAE04EC0-301F-11D3-BF4B-00C04F79EFBC}") = "Sender", "Sender\Sender.csproj", "{3B15EB9E-3848-41C3-A6DD-C7688039C9DF}"
EndProject
Project("{FAE04EC0-301F-11D3-BF4B-00C04F79EFBC}") = "Receiver", "Receiver\Receiver.csproj", "{A0BDC3AA-30F6-4C31-A72A-99BCD3EEFD5F}"
EndProject
Global
	GlobalSection(SolutionConfigurationPlatforms) = preSolution
		Debug|Any CPU = Debug|Any CPU
		Release|Any CPU = Release|Any CPU
	EndGlobalSection
	GlobalSection(ProjectConfigurationPlatforms) = postSolution
		{3B15EB9E-3848-41C3-A6DD-C7688039C9DF}.Debug|Any CPU.ActiveCfg = Debug|Any CPU
		{3B15EB9E-3848-41C3-A6DD-C7688039C9DF}.Debug|Any CPU.Build.0 = Debug|Any CPU
		{3B15EB9E-3848-41C3-A6DD-C7688039C9DF}.Release|Any CPU.ActiveCfg = Release|Any CPU
		{3B15EB9E-3848-41C3-A6DD-C7688039C9DF}.Release|Any CPU.Build.0 = Release|Any CPU
		{A0BDC3AA-30F6-4C31-A72A-99BCD3EEFD5F}.Debug|Any CPU.ActiveCfg = Debug|Any CPU
		{A0BDC3AA-30F6-4C31-A72A-99BCD3EEFD5F}.Debug|Any CPU.Build.0 = Debug|Any CPU
		{A0BDC3AA-30F6-4C31-A72A-99BCD3EEFD5F}.Release|Any CPU.ActiveCfg = Release|Any CPU
		{A0BDC3AA-30F6-4C31-A72A-99BCD3EEFD5F}.Release|Any CPU.Build.0 = Release|Any CPU
	EndGlobalSection
	GlobalSection(SolutionProperties) = preSolution
		HideSolutionNode = FALSE
	EndGlobalSection
	GlobalSection(ExtensibilityGlobals) = postSolution
		SolutionGuid = {7A2481AE-6A0A-4342-A956-4DEF017DA10B}
	EndGlobalSection
EndGlobal
