
Microsoft Visual Studio Solution File, Format Version 12.00
# Visual Studio Version 17
VisualStudioVersion = 17.8.34511.84
MinimumVisualStudioVersion = 10.0.40219.1
Project("{FAE04EC0-301F-11D3-BF4B-00C04F79EFBC}") = "Sender", "Sender\Sender.csproj", "{DC3363CE-7EBA-4701-A05C-FAFE3B0EB498}"
EndProject
Project("{FAE04EC0-301F-11D3-BF4B-00C04F79EFBC}") = "Receiver", "Receiver\Receiver.csproj", "{B8AD88E4-ADA8-46E4-A6E3-5C8D222E24C1}"
EndProject
Global
	GlobalSection(SolutionConfigurationPlatforms) = preSolution
		Debug|Any CPU = Debug|Any CPU
		Release|Any CPU = Release|Any CPU
	EndGlobalSection
	GlobalSection(ProjectConfigurationPlatforms) = postSolution
		{DC3363CE-7EBA-4701-A05C-FAFE3B0EB498}.Debug|Any CPU.ActiveCfg = Debug|Any CPU
		{DC3363CE-7EBA-4701-A05C-FAFE3B0EB498}.Debug|Any CPU.Build.0 = Debug|Any CPU
		{DC3363CE-7EBA-4701-A05C-FAFE3B0EB498}.Release|Any CPU.ActiveCfg = Release|Any CPU
		{DC3363CE-7EBA-4701-A05C-FAFE3B0EB498}.Release|Any CPU.Build.0 = Release|Any CPU
		{B8AD88E4-ADA8-46E4-A6E3-5C8D222E24C1}.Debug|Any CPU.ActiveCfg = Debug|Any CPU
		{B8AD88E4-ADA8-46E4-A6E3-5C8D222E24C1}.Debug|Any CPU.Build.0 = Debug|Any CPU
		{B8AD88E4-ADA8-46E4-A6E3-5C8D222E24C1}.Release|Any CPU.ActiveCfg = Release|Any CPU
		{B8AD88E4-ADA8-46E4-A6E3-5C8D222E24C1}.Release|Any CPU.Build.0 = Release|Any CPU
	EndGlobalSection
	GlobalSection(SolutionProperties) = preSolution
		HideSolutionNode = FALSE
	EndGlobalSection
	GlobalSection(ExtensibilityGlobals) = postSolution
		SolutionGuid = {20D37C4D-7F8F-4AF0-A0FD-8D924AB66813}
	EndGlobalSection
EndGlobal
